
Microsoft Visual Studio Solution File, Format Version 12.00
# Visual Studio Version 17
VisualStudioVersion = 17.8.34330.188
MinimumVisualStudioVersion = 10.0.40219.1
Project("{888888A0-9F3D-457C-B088-3A5042F75D52}") = "Course Project 3", "Course Project 3.pyproj", "{3E41CDA4-6F85-4A7F-9C6A-B7AB58ACDD21}"
EndProject
Global
	GlobalSection(SolutionConfigurationPlatforms) = preSolution
		Debug|Any CPU = Debug|Any CPU
		Release|Any CPU = Release|Any CPU
	EndGlobalSection
	GlobalSection(ProjectConfigurationPlatforms) = postSolution
		{3E41CDA4-6F85-4A7F-9C6A-B7AB58ACDD21}.Debug|Any CPU.ActiveCfg = Debug|Any CPU
		{3E41CDA4-6F85-4A7F-9C6A-B7AB58ACDD21}.Release|Any CPU.ActiveCfg = Release|Any CPU
	EndGlobalSection
	GlobalSection(SolutionProperties) = preSolution
		HideSolutionNode = FALSE
	EndGlobalSection
	GlobalSection(ExtensibilityGlobals) = postSolution
		SolutionGuid = {DFEB971C-44D9-430C-A4E5-9276B2321975}
	EndGlobalSection
EndGlobal
